
Microsoft Visual Studio Solution File, Format Version 12.00
# Visual Studio Version 17
VisualStudioVersion = 17.5.33502.453
MinimumVisualStudioVersion = 10.0.40219.1
Project("{9A19103F-16F7-4668-BE54-9A1E7A4F7556}") = "GrpcDependencies", "GrpcDependencies\GrpcDependencies.csproj", "{43080DA4-D203-4689-9978-29C11DC397BF}"
EndProject
Project("{FAE04EC0-301F-11D3-BF4B-00C04F79EFBC}") = "StatusMicroservice", "StatusMicroservice\StatusMicroservice.csproj", "{AFAC85D1-5473-4418-B727-5DC6F781C147}"
EndProject
Global
	GlobalSection(SolutionConfigurationPlatforms) = preSolution
		Debug|Any CPU = Debug|Any CPU
		Release|Any CPU = Release|Any CPU
	EndGlobalSection
	GlobalSection(ProjectConfigurationPlatforms) = postSolution
		{43080DA4-D203-4689-9978-29C11DC397BF}.Debug|Any CPU.ActiveCfg = Debug|Any CPU
		{43080DA4-D203-4689-9978-29C11DC397BF}.Debug|Any CPU.Build.0 = Debug|Any CPU
		{43080DA4-D203-4689-9978-29C11DC397BF}.Release|Any CPU.ActiveCfg = Release|Any CPU
		{43080DA4-D203-4689-9978-29C11DC397BF}.Release|Any CPU.Build.0 = Release|Any CPU
		{AFAC85D1-5473-4418-B727-5DC6F781C147}.Debug|Any CPU.ActiveCfg = Debug|Any CPU
		{AFAC85D1-5473-4418-B727-5DC6F781C147}.Debug|Any CPU.Build.0 = Debug|Any CPU
		{AFAC85D1-5473-4418-B727-5DC6F781C147}.Release|Any CPU.ActiveCfg = Release|Any CPU
		{AFAC85D1-5473-4418-B727-5DC6F781C147}.Release|Any CPU.Build.0 = Release|Any CPU
	EndGlobalSection
	GlobalSection(SolutionProperties) = preSolution
		HideSolutionNode = FALSE
	EndGlobalSection
	GlobalSection(ExtensibilityGlobals) = postSolution
		SolutionGuid = {D23A183C-860F-4FC1-A12E-348681F90C5A}
	EndGlobalSection
EndGlobal
